
Microsoft Visual Studio Solution File, Format Version 12.00
# Visual Studio 2012
Project("{FAE04EC0-301F-11D3-BF4B-00C04F79EFBC}") = "Sims3Registry", "Sims3Registry\Sims3Registry.csproj", "{DD516E63-3E5B-4507-876D-821D8D22F872}"
EndProject
Project("{FAE04EC0-301F-11D3-BF4B-00C04F79EFBC}") = "s3rm", "s3rm\s3rm.csproj", "{485BF695-5AFA-4BF6-8DC5-DC9AE2ED227C}"
EndProject
Global
	GlobalSection(SolutionConfigurationPlatforms) = preSolution
		Debug|Any CPU = Debug|Any CPU
		Release|Any CPU = Release|Any CPU
	EndGlobalSection
	GlobalSection(ProjectConfigurationPlatforms) = postSolution
		{DD516E63-3E5B-4507-876D-821D8D22F872}.Debug|Any CPU.ActiveCfg = Debug|Any CPU
		{DD516E63-3E5B-4507-876D-821D8D22F872}.Debug|Any CPU.Build.0 = Debug|Any CPU
		{DD516E63-3E5B-4507-876D-821D8D22F872}.Release|Any CPU.ActiveCfg = Release|Any CPU
		{DD516E63-3E5B-4507-876D-821D8D22F872}.Release|Any CPU.Build.0 = Release|Any CPU
		{485BF695-5AFA-4BF6-8DC5-DC9AE2ED227C}.Debug|Any CPU.ActiveCfg = Debug|Any CPU
		{485BF695-5AFA-4BF6-8DC5-DC9AE2ED227C}.Debug|Any CPU.Build.0 = Debug|Any CPU
		{485BF695-5AFA-4BF6-8DC5-DC9AE2ED227C}.Release|Any CPU.ActiveCfg = Release|Any CPU
		{485BF695-5AFA-4BF6-8DC5-DC9AE2ED227C}.Release|Any CPU.Build.0 = Release|Any CPU
	EndGlobalSection
	GlobalSection(SolutionProperties) = preSolution
		HideSolutionNode = FALSE
	EndGlobalSection
EndGlobal
